// !$*UTF8*$!
{
	archiveVersion = 1;
	classes = {
	};
	objectVersion = 50;
	objects = {

/* Begin PBXBuildFile section */
		5255DA5A23A4516700DAEBD6 /* AppDelegate.swift in Sources */ = {isa = PBXBuildFile; fileRef = 5255DA5923A4516700DAEBD6 /* AppDelegate.swift */; };
		5255DA5C23A4516700DAEBD6 /* SceneDelegate.swift in Sources */ = {isa = PBXBuildFile; fileRef = 5255DA5B23A4516700DAEBD6 /* SceneDelegate.swift */; };
		5255DA5E23A4516700DAEBD6 /* ViewController.swift in Sources */ = {isa = PBXBuildFile; fileRef = 5255DA5D23A4516700DAEBD6 /* ViewController.swift */; };
		5255DA6123A4516700DAEBD6 /* Main.storyboard in Resources */ = {isa = PBXBuildFile; fileRef = 5255DA5F23A4516700DAEBD6 /* Main.storyboard */; };
		5255DA6323A4517400DAEBD6 /* Assets.xcassets in Resources */ = {isa = PBXBuildFile; fileRef = 5255DA6223A4517400DAEBD6 /* Assets.xcassets */; };
		5255DA6623A4517400DAEBD6 /* LaunchScreen.storyboard in Resources */ = {isa = PBXBuildFile; fileRef = 5255DA6423A4517400DAEBD6 /* LaunchScreen.storyboard */; };
		5255DA7123A4517400DAEBD6 /* calculator_projectTests.swift in Sources */ = {isa = PBXBuildFile; fileRef = 5255DA7023A4517400DAEBD6 /* calculator_projectTests.swift */; };
		5255DA7C23A4517400DAEBD6 /* calculator_projectUITests.swift in Sources */ = {isa = PBXBuildFile; fileRef = 5255DA7B23A4517400DAEBD6 /* calculator_projectUITests.swift */; };
/* End PBXBuildFile section */

/* Begin PBXContainerItemProxy section */
		5255DA6D23A4517400DAEBD6 /* PBXContainerItemProxy */ = {
			isa = PBXContainerItemProxy;
			containerPortal = 5255DA4E23A4516700DAEBD6 /* Project object */;
			proxyType = 1;
			remoteGlobalIDString = 5255DA5523A4516700DAEBD6;
			remoteInfo = calculator_project;
		};
		5255DA7823A4517400DAEBD6 /* PBXContainerItemProxy */ = {
			isa = PBXContainerItemProxy;
			containerPortal = 5255DA4E23A4516700DAEBD6 /* Project object */;
			proxyType = 1;
			remoteGlobalIDString = 5255DA5523A4516700DAEBD6;
			remoteInfo = calculator_project;
		};
/* End PBXContainerItemProxy section */

/* Begin PBXFileReference section */
		5255DA5623A4516700DAEBD6 /* calculator_project.app */ = {isa = PBXFileReference; explicitFileType = wrapper.application; includeInIndex = 0; path = calculator_project.app; sourceTree = BUILT_PRODUCTS_DIR; };
		5255DA5923A4516700DAEBD6 /* AppDelegate.swift */ = {isa = PBXFileReference; lastKnownFileType = sourcecode.swift; path = AppDelegate.swift; sourceTree = "<group>"; };
		5255DA5B23A4516700DAEBD6 /* SceneDelegate.swift */ = {isa = PBXFileReference; lastKnownFileType = sourcecode.swift; path = SceneDelegate.swift; sourceTree = "<group>"; };
		5255DA5D23A4516700DAEBD6 /* ViewController.swift */ = {isa = PBXFileReference; lastKnownFileType = sourcecode.swift; path = ViewController.swift; sourceTree = "<group>"; };
		5255DA6023A4516700DAEBD6 /* Base */ = {isa = PBXFileReference; lastKnownFileType = file.storyboard; name = Base; path = Base.lproj/Main.storyboard; sourceTree = "<group>"; };
		5255DA6223A4517400DAEBD6 /* Assets.xcassets */ = {isa = PBXFileReference; lastKnownFileType = folder.assetcatalog; path = Assets.xcassets; sourceTree = "<group>"; };
		5255DA6523A4517400DAEBD6 /* Base */ = {isa = PBXFileReference; lastKnownFileType = file.storyboard; name = Base; path = Base.lproj/LaunchScreen.storyboard; sourceTree = "<group>"; };
		5255DA6723A4517400DAEBD6 /* Info.plist */ = {isa = PBXFileReference; lastKnownFileType = text.plist.xml; path = Info.plist; sourceTree = "<group>"; };
		5255DA6C23A4517400DAEBD6 /* calculator_projectTests.xctest */ = {isa = PBXFileReference; explicitFileType = wrapper.cfbundle; includeInIndex = 0; path = calculator_projectTests.xctest; sourceTree = BUILT_PRODUCTS_DIR; };
		5255DA7023A4517400DAEBD6 /* calculator_projectTests.swift */ = {isa = PBXFileReference; lastKnownFileType = sourcecode.swift; path = calculator_projectTests.swift; sourceTree = "<group>"; };
		5255DA7223A4517400DAEBD6 /* Info.plist */ = {isa = PBXFileReference; lastKnownFileType = text.plist.xml; path = Info.plist; sourceTree = "<group>"; };
		5255DA7723A4517400DAEBD6 /* calculator_projectUITests.xctest */ = {isa = PBXFileReference; explicitFileType = wrapper.cfbundle; includeInIndex = 0; path = calculator_projectUITests.xctest; sourceTree = BUILT_PRODUCTS_DIR; };
		5255DA7B23A4517400DAEBD6 /* calculator_projectUITests.swift */ = {isa = PBXFileReference; lastKnownFileType = sourcecode.swift; path = calculator_projectUITests.swift; sourceTree = "<group>"; };
		5255DA7D23A4517400DAEBD6 /* Info.plist */ = {isa = PBXFileReference; lastKnownFileType = text.plist.xml; path = Info.plist; sourceTree = "<group>"; };
/* End PBXFileReference section */

/* Begin PBXFrameworksBuildPhase section */
		5255DA5323A4516700DAEBD6 /* Frameworks */ = {
			isa = PBXFrameworksBuildPhase;
			buildActionMask = 2147483647;
			files = (
			);
			runOnlyForDeploymentPostprocessing = 0;
		};
		5255DA6923A4517400DAEBD6 /* Frameworks */ = {
			isa = PBXFrameworksBuildPhase;
			buildActionMask = 2147483647;
			files = (
			);
			runOnlyForDeploymentPostprocessing = 0;
		};
		5255DA7423A4517400DAEBD6 /* Frameworks */ = {
			isa = PBXFrameworksBuildPhase;
			buildActionMask = 2147483647;
			files = (
			);
			runOnlyForDeploymentPostprocessing = 0;
		};
/* End PBXFrameworksBuildPhase section */

/* Begin PBXGroup section */
		5255DA4D23A4516700DAEBD6 = {
			isa = PBXGroup;
			children = (
				5255DA5823A4516700DAEBD6 /* calculator_project */,
				5255DA6F23A4517400DAEBD6 /* calculator_projectTests */,
				5255DA7A23A4517400DAEBD6 /* calculator_projectUITests */,
				5255DA5723A4516700DAEBD6 /* Products */,
			);
			sourceTree = "<group>";
		};
		5255DA5723A4516700DAEBD6 /* Products */ = {
			isa = PBXGroup;
			children = (
				5255DA5623A4516700DAEBD6 /* calculator_project.app */,
				5255DA6C23A4517400DAEBD6 /* calculator_projectTests.xctest */,
				5255DA7723A4517400DAEBD6 /* calculator_projectUITests.xctest */,
			);
			name = Products;
			sourceTree = "<group>";
		};
		5255DA5823A4516700DAEBD6 /* calculator_project */ = {
			isa = PBXGroup;
			children = (
				5255DA5923A4516700DAEBD6 /* AppDelegate.swift */,
				5255DA5B23A4516700DAEBD6 /* SceneDelegate.swift */,
				525953F623A615F400A3FF77 /* Controller */,
				525953F723A6177C00A3FF77 /* View */,
				5255DA6223A4517400DAEBD6 /* Assets.xcassets */,
				5255DA6423A4517400DAEBD6 /* LaunchScreen.storyboard */,
				5255DA6723A4517400DAEBD6 /* Info.plist */,
			);
			path = calculator_project;
			sourceTree = "<group>";
		};
		5255DA6F23A4517400DAEBD6 /* calculator_projectTests */ = {
			isa = PBXGroup;
			children = (
				5255DA7023A4517400DAEBD6 /* calculator_projectTests.swift */,
				5255DA7223A4517400DAEBD6 /* Info.plist */,
			);
			path = calculator_projectTests;
			sourceTree = "<group>";
		};
		5255DA7A23A4517400DAEBD6 /* calculator_projectUITests */ = {
			isa = PBXGroup;
			children = (
				5255DA7B23A4517400DAEBD6 /* calculator_projectUITests.swift */,
				5255DA7D23A4517400DAEBD6 /* Info.plist */,
			);
			path = calculator_projectUITests;
			sourceTree = "<group>";
		};
		525953F623A615F400A3FF77 /* Controller */ = {
			isa = PBXGroup;
			children = (
				5255DA5D23A4516700DAEBD6 /* ViewController.swift */,
			);
			path = Controller;
			sourceTree = "<group>";
		};
		525953F723A6177C00A3FF77 /* View */ = {
			isa = PBXGroup;
			children = (
				5255DA5F23A4516700DAEBD6 /* Main.storyboard */,
			);
			path = View;
			sourceTree = "<group>";
		};
/* End PBXGroup section */

/* Begin PBXNativeTarget section */
		5255DA5523A4516700DAEBD6 /* calculator_project */ = {
			isa = PBXNativeTarget;
			buildConfigurationList = 5255DA8023A4517400DAEBD6 /* Build configuration list for PBXNativeTarget "calculator_project" */;
			buildPhases = (
				5255DA5223A4516700DAEBD6 /* Sources */,
				5255DA5323A4516700DAEBD6 /* Frameworks */,
				5255DA5423A4516700DAEBD6 /* Resources */,
			);
			buildRules = (
			);
			dependencies = (
			);
			name = calculator_project;
			productName = calculator_project;
			productReference = 5255DA5623A4516700DAEBD6 /* calculator_project.app */;
			productType = "com.apple.product-type.application";
		};
		5255DA6B23A4517400DAEBD6 /* calculator_projectTests */ = {
			isa = PBXNativeTarget;
			buildConfigurationList = 5255DA8323A4517400DAEBD6 /* Build configuration list for PBXNativeTarget "calculator_projectTests" */;
			buildPhases = (
				5255DA6823A4517400DAEBD6 /* Sources */,
				5255DA6923A4517400DAEBD6 /* Frameworks */,
				5255DA6A23A4517400DAEBD6 /* Resources */,
			);
			buildRules = (
			);
			dependencies = (
				5255DA6E23A4517400DAEBD6 /* PBXTargetDependency */,
			);
			name = calculator_projectTests;
			productName = calculator_projectTests;
			productReference = 5255DA6C23A4517400DAEBD6 /* calculator_projectTests.xctest */;
			productType = "com.apple.product-type.bundle.unit-test";
		};
		5255DA7623A4517400DAEBD6 /* calculator_projectUITests */ = {
			isa = PBXNativeTarget;
			buildConfigurationList = 5255DA8623A4517400DAEBD6 /* Build configuration list for PBXNativeTarget "calculator_projectUITests" */;
			buildPhases = (
				5255DA7323A4517400DAEBD6 /* Sources */,
				5255DA7423A4517400DAEBD6 /* Frameworks */,
				5255DA7523A4517400DAEBD6 /* Resources */,
			);
			buildRules = (
			);
			dependencies = (
				5255DA7923A4517400DAEBD6 /* PBXTargetDependency */,
			);
			name = calculator_projectUITests;
			productName = calculator_projectUITests;
			productReference = 5255DA7723A4517400DAEBD6 /* calculator_projectUITests.xctest */;
			productType = "com.apple.product-type.bundle.ui-testing";
		};
/* End PBXNativeTarget section */

/* Begin PBXProject section */
		5255DA4E23A4516700DAEBD6 /* Project object */ = {
			isa = PBXProject;
			attributes = {
				LastSwiftUpdateCheck = 1110;
				LastUpgradeCheck = 1110;
				ORGANIZATIONNAME = M29;
				TargetAttributes = {
					5255DA5523A4516700DAEBD6 = {
						CreatedOnToolsVersion = 11.1;
					};
					5255DA6B23A4517400DAEBD6 = {
						CreatedOnToolsVersion = 11.1;
						TestTargetID = 5255DA5523A4516700DAEBD6;
					};
					5255DA7623A4517400DAEBD6 = {
						CreatedOnToolsVersion = 11.1;
						TestTargetID = 5255DA5523A4516700DAEBD6;
					};
				};
			};
			buildConfigurationList = 5255DA5123A4516700DAEBD6 /* Build configuration list for PBXProject "calculator_project" */;
			compatibilityVersion = "Xcode 9.3";
			developmentRegion = en;
			hasScannedForEncodings = 0;
			knownRegions = (
				en,
				Base,
			);
			mainGroup = 5255DA4D23A4516700DAEBD6;
			productRefGroup = 5255DA5723A4516700DAEBD6 /* Products */;
			projectDirPath = "";
			projectRoot = "";
			targets = (
				5255DA5523A4516700DAEBD6 /* calculator_project */,
				5255DA6B23A4517400DAEBD6 /* calculator_projectTests */,
				5255DA7623A4517400DAEBD6 /* calculator_projectUITests */,
			);
		};
/* End PBXProject section */

/* Begin PBXResourcesBuildPhase section */
		5255DA5423A4516700DAEBD6 /* Resources */ = {
			isa = PBXResourcesBuildPhase;
			buildActionMask = 2147483647;
			files = (
				5255DA6623A4517400DAEBD6 /* LaunchScreen.storyboard in Resources */,
				5255DA6323A4517400DAEBD6 /* Assets.xcassets in Resources */,
				5255DA6123A4516700DAEBD6 /* Main.storyboard in Resources */,
			);
			runOnlyForDeploymentPostprocessing = 0;
		};
		5255DA6A23A4517400DAEBD6 /* Resources */ = {
			isa = PBXResourcesBuildPhase;
			buildActionMask = 2147483647;
			files = (
			);
			runOnlyForDeploymentPostprocessing = 0;
		};
		5255DA7523A4517400DAEBD6 /* Resources */ = {
			isa = PBXResourcesBuildPhase;
			buildActionMask = 2147483647;
			files = (
			);
			runOnlyForDeploymentPostprocessing = 0;
		};
/* End PBXResourcesBuildPhase section */

/* Begin PBXSourcesBuildPhase section */
		5255DA5223A4516700DAEBD6 /* Sources */ = {
			isa = PBXSourcesBuildPhase;
			buildActionMask = 2147483647;
			files = (
				5255DA5E23A4516700DAEBD6 /* ViewController.swift in Sources */,
				5255DA5A23A4516700DAEBD6 /* AppDelegate.swift in Sources */,
				5255DA5C23A4516700DAEBD6 /* SceneDelegate.swift in Sources */,
			);
			runOnlyForDeploymentPostprocessing = 0;
		};
		5255DA6823A4517400DAEBD6 /* Sources */ = {
			isa = PBXSourcesBuildPhase;
			buildActionMask = 2147483647;
			files = (
				5255DA7123A4517400DAEBD6 /* calculator_projectTests.swift in Sources */,
			);
			runOnlyForDeploymentPostprocessing = 0;
		};
		5255DA7323A4517400DAEBD6 /* Sources */ = {
			isa = PBXSourcesBuildPhase;
			buildActionMask = 2147483647;
			files = (
				5255DA7C23A4517400DAEBD6 /* calculator_projectUITests.swift in Sources */,
			);
			runOnlyForDeploymentPostprocessing = 0;
		};
/* End PBXSourcesBuildPhase section */

/* Begin PBXTargetDependency section */
		5255DA6E23A4517400DAEBD6 /* PBXTargetDependency */ = {
			isa = PBXTargetDependency;
			target = 5255DA5523A4516700DAEBD6 /* calculator_project */;
			targetProxy = 5255DA6D23A4517400DAEBD6 /* PBXContainerItemProxy */;
		};
		5255DA7923A4517400DAEBD6 /* PBXTargetDependency */ = {
			isa = PBXTargetDependency;
			target = 5255DA5523A4516700DAEBD6 /* calculator_project */;
			targetProxy = 5255DA7823A4517400DAEBD6 /* PBXContainerItemProxy */;
		};
/* End PBXTargetDependency section */

/* Begin PBXVariantGroup section */
		5255DA5F23A4516700DAEBD6 /* Main.storyboard */ = {
			isa = PBXVariantGroup;
			children = (
				5255DA6023A4516700DAEBD6 /* Base */,
			);
			name = Main.storyboard;
			sourceTree = "<group>";
		};
		5255DA6423A4517400DAEBD6 /* LaunchScreen.storyboard */ = {
			isa = PBXVariantGroup;
			children = (
				5255DA6523A4517400DAEBD6 /* Base */,
			);
			name = LaunchScreen.storyboard;
			sourceTree = "<group>";
		};
/* End PBXVariantGroup section */

/* Begin XCBuildConfiguration section */
		5255DA7E23A4517400DAEBD6 /* Debug */ = {
			isa = XCBuildConfiguration;
			buildSettings = {
				ALWAYS_SEARCH_USER_PATHS = NO;
				CLANG_ANALYZER_NONNULL = YES;
				CLANG_ANALYZER_NUMBER_OBJECT_CONVERSION = YES_AGGRESSIVE;
				CLANG_CXX_LANGUAGE_STANDARD = "gnu++14";
				CLANG_CXX_LIBRARY = "libc++";
				CLANG_ENABLE_MODULES = YES;
				CLANG_ENABLE_OBJC_ARC = YES;
				CLANG_ENABLE_OBJC_WEAK = YES;
				CLANG_WARN_BLOCK_CAPTURE_AUTORELEASING = YES;
				CLANG_WARN_BOOL_CONVERSION = YES;
				CLANG_WARN_COMMA = YES;
				CLANG_WARN_CONSTANT_CONVERSION = YES;
				CLANG_WARN_DEPRECATED_OBJC_IMPLEMENTATIONS = YES;
				CLANG_WARN_DIRECT_OBJC_ISA_USAGE = YES_ERROR;
				CLANG_WARN_DOCUMENTATION_COMMENTS = YES;
				CLANG_WARN_EMPTY_BODY = YES;
				CLANG_WARN_ENUM_CONVERSION = YES;
				CLANG_WARN_INFINITE_RECURSION = YES;
				CLANG_WARN_INT_CONVERSION = YES;
				CLANG_WARN_NON_LITERAL_NULL_CONVERSION = YES;
				CLANG_WARN_OBJC_IMPLICIT_RETAIN_SELF = YES;
				CLANG_WARN_OBJC_LITERAL_CONVERSION = YES;
				CLANG_WARN_OBJC_ROOT_CLASS = YES_ERROR;
				CLANG_WARN_RANGE_LOOP_ANALYSIS = YES;
				CLANG_WARN_STRICT_PROTOTYPES = YES;
				CLANG_WARN_SUSPICIOUS_MOVE = YES;
				CLANG_WARN_UNGUARDED_AVAILABILITY = YES_AGGRESSIVE;
				CLANG_WARN_UNREACHABLE_CODE = YES;
				CLANG_WARN__DUPLICATE_METHOD_MATCH = YES;
				COPY_PHASE_STRIP = NO;
				DEBUG_INFORMATION_FORMAT = dwarf;
				ENABLE_STRICT_OBJC_MSGSEND = YES;
				ENABLE_TESTABILITY = YES;
				GCC_C_LANGUAGE_STANDARD = gnu11;
				GCC_DYNAMIC_NO_PIC = NO;
				GCC_NO_COMMON_BLOCKS = YES;
				GCC_OPTIMIZATION_LEVEL = 0;
				GCC_PREPROCESSOR_DEFINITIONS = (
					"DEBUG=1",
					"$(inherited)",
				);
				GCC_WARN_64_TO_32_BIT_CONVERSION = YES;
				GCC_WARN_ABOUT_RETURN_TYPE = YES_ERROR;
				GCC_WARN_UNDECLARED_SELECTOR = YES;
				GCC_WARN_UNINITIALIZED_AUTOS = YES_AGGRESSIVE;
				GCC_WARN_UNUSED_FUNCTION = YES;
				GCC_WARN_UNUSED_VARIABLE = YES;
				IPHONEOS_DEPLOYMENT_TARGET = 13.1;
				MTL_ENABLE_DEBUG_INFO = INCLUDE_SOURCE;
				MTL_FAST_MATH = YES;
				ONLY_ACTIVE_ARCH = YES;
				SDKROOT = iphoneos;
				SWIFT_ACTIVE_COMPILATION_CONDITIONS = DEBUG;
				SWIFT_OPTIMIZATION_LEVEL = "-Onone";
			};
			name = Debug;
		};
		5255DA7F23A4517400DAEBD6 /* Release */ = {
			isa = XCBuildConfiguration;
			buildSettings = {
				ALWAYS_SEARCH_USER_PATHS = NO;
				CLANG_ANALYZER_NONNULL = YES;
				CLANG_ANALYZER_NUMBER_OBJECT_CONVERSION = YES_AGGRESSIVE;
				CLANG_CXX_LANGUAGE_STANDARD = "gnu++14";
				CLANG_CXX_LIBRARY = "libc++";
				CLANG_ENABLE_MODULES = YES;
				CLANG_ENABLE_OBJC_ARC = YES;
				CLANG_ENABLE_OBJC_WEAK = YES;
				CLANG_WARN_BLOCK_CAPTURE_AUTORELEASING = YES;
				CLANG_WARN_BOOL_CONVERSION = YES;
				CLANG_WARN_COMMA = YES;
				CLANG_WARN_CONSTANT_CONVERSION = YES;
				CLANG_WARN_DEPRECATED_OBJC_IMPLEMENTATIONS = YES;
				CLANG_WARN_DIRECT_OBJC_ISA_USAGE = YES_ERROR;
				CLANG_WARN_DOCUMENTATION_COMMENTS = YES;
				CLANG_WARN_EMPTY_BODY = YES;
				CLANG_WARN_ENUM_CONVERSION = YES;
				CLANG_WARN_INFINITE_RECURSION = YES;
				CLANG_WARN_INT_CONVERSION = YES;
				CLANG_WARN_NON_LITERAL_NULL_CONVERSION = YES;
				CLANG_WARN_OBJC_IMPLICIT_RETAIN_SELF = YES;
				CLANG_WARN_OBJC_LITERAL_CONVERSION = YES;
				CLANG_WARN_OBJC_ROOT_CLASS = YES_ERROR;
				CLANG_WARN_RANGE_LOOP_ANALYSIS = YES;
				CLANG_WARN_STRICT_PROTOTYPES = YES;
				CLANG_WARN_SUSPICIOUS_MOVE = YES;
				CLANG_WARN_UNGUARDED_AVAILABILITY = YES_AGGRESSIVE;
				CLANG_WARN_UNREACHABLE_CODE = YES;
				CLANG_WARN__DUPLICATE_METHOD_MATCH = YES;
				COPY_PHASE_STRIP = NO;
				DEBUG_INFORMATION_FORMAT = "dwarf-with-dsym";
				ENABLE_NS_ASSERTIONS = NO;
				ENABLE_STRICT_OBJC_MSGSEND = YES;
				GCC_C_LANGUAGE_STANDARD = gnu11;
				GCC_NO_COMMON_BLOCKS = YES;
				GCC_WARN_64_TO_32_BIT_CONVERSION = YES;
				GCC_WARN_ABOUT_RETURN_TYPE = YES_ERROR;
				GCC_WARN_UNDECLARED_SELECTOR = YES;
				GCC_WARN_UNINITIALIZED_AUTOS = YES_AGGRESSIVE;
				GCC_WARN_UNUSED_FUNCTION = YES;
				GCC_WARN_UNUSED_VARIABLE = YES;
				IPHONEOS_DEPLOYMENT_TARGET = 13.1;
				MTL_ENABLE_DEBUG_INFO = NO;
				MTL_FAST_MATH = YES;
				SDKROOT = iphoneos;
				SWIFT_COMPILATION_MODE = wholemodule;
				SWIFT_OPTIMIZATION_LEVEL = "-O";
				VALIDATE_PRODUCT = YES;
			};
			name = Release;
		};
		5255DA8123A4517400DAEBD6 /* Debug */ = {
			isa = XCBuildConfiguration;
			buildSettings = {
				ASSETCATALOG_COMPILER_APPICON_NAME = AppIcon;
				CODE_SIGN_STYLE = Automatic;
				INFOPLIST_FILE = calculator_project/Info.plist;
				LD_RUNPATH_SEARCH_PATHS = (
					"$(inherited)",
					"@executable_path/Frameworks",
				);
				PRODUCT_BUNDLE_IDENTIFIER = "Mesbaul.calculator-project";
				PRODUCT_NAME = "$(TARGET_NAME)";
				SWIFT_VERSION = 5.0;
				TARGETED_DEVICE_FAMILY = "1,2";
			};
			name = Debug;
		};
		5255DA8223A4517400DAEBD6 /* Release */ = {
			isa = XCBuildConfiguration;
			buildSettings = {
				ASSETCATALOG_COMPILER_APPICON_NAME = AppIcon;
				CODE_SIGN_STYLE = Automatic;
				INFOPLIST_FILE = calculator_project/Info.plist;
				LD_RUNPATH_SEARCH_PATHS = (
					"$(inherited)",
					"@executable_path/Frameworks",
				);
				PRODUCT_BUNDLE_IDENTIFIER = "Mesbaul.calculator-project";
				PRODUCT_NAME = "$(TARGET_NAME)";
				SWIFT_VERSION = 5.0;
				TARGETED_DEVICE_FAMILY = "1,2";
			};
			name = Release;
		};
		5255DA8423A4517400DAEBD6 /* Debug */ = {
			isa = XCBuildConfiguration;
			buildSettings = {
				ALWAYS_EMBED_SWIFT_STANDARD_LIBRARIES = YES;
				BUNDLE_LOADER = "$(TEST_HOST)";
				CODE_SIGN_STYLE = Automatic;
				INFOPLIST_FILE = calculator_projectTests/Info.plist;
				IPHONEOS_DEPLOYMENT_TARGET = 13.1;
				LD_RUNPATH_SEARCH_PATHS = (
					"$(inherited)",
					"@executable_path/Frameworks",
					"@loader_path/Frameworks",
				);
				PRODUCT_BUNDLE_IDENTIFIER = "Mesbaul.calculator-projectTests";
				PRODUCT_NAME = "$(TARGET_NAME)";
				SWIFT_VERSION = 5.0;
				TARGETED_DEVICE_FAMILY = "1,2";
				TEST_HOST = "$(BUILT_PRODUCTS_DIR)/calculator_project.app/calculator_project";
			};
			name = Debug;
		};
		5255DA8523A4517400DAEBD6 /* Release */ = {
			isa = XCBuildConfiguration;
			buildSettings = {
				ALWAYS_EMBED_SWIFT_STANDARD_LIBRARIES = YES;
				BUNDLE_LOADER = "$(TEST_HOST)";
				CODE_SIGN_STYLE = Automatic;
				INFOPLIST_FILE = calculator_projectTests/Info.plist;
				IPHONEOS_DEPLOYMENT_TARGET = 13.1;
				LD_RUNPATH_SEARCH_PATHS = (
					"$(inherited)",
					"@executable_path/Frameworks",
					"@loader_path/Frameworks",
				);
				PRODUCT_BUNDLE_IDENTIFIER = "Mesbaul.calculator-projectTests";
				PRODUCT_NAME = "$(TARGET_NAME)";
				SWIFT_VERSION = 5.0;
				TARGETED_DEVICE_FAMILY = "1,2";
				TEST_HOST = "$(BUILT_PRODUCTS_DIR)/calculator_project.app/calculator_project";
			};
			name = Release;
		};
		5255DA8723A4517400DAEBD6 /* Debug */ = {
			isa = XCBuildConfiguration;
			buildSettings = {
				ALWAYS_EMBED_SWIFT_STANDARD_LIBRARIES = YES;
				CODE_SIGN_STYLE = Automatic;
				INFOPLIST_FILE = calculator_projectUITests/Info.plist;
				LD_RUNPATH_SEARCH_PATHS = (
					"$(inherited)",
					"@executable_path/Frameworks",
					"@loader_path/Frameworks",
				);
				PRODUCT_BUNDLE_IDENTIFIER = "Mesbaul.calculator-projectUITests";
				PRODUCT_NAME = "$(TARGET_NAME)";
				SWIFT_VERSION = 5.0;
				TARGETED_DEVICE_FAMILY = "1,2";
				TEST_TARGET_NAME = calculator_project;
			};
			name = Debug;
		};
		5255DA8823A4517400DAEBD6 /* Release */ = {
			isa = XCBuildConfiguration;
			buildSettings = {
				ALWAYS_EMBED_SWIFT_STANDARD_LIBRARIES = YES;
				CODE_SIGN_STYLE = Automatic;
				INFOPLIST_FILE = calculator_projectUITests/Info.plist;
				LD_RUNPATH_SEARCH_PATHS = (
					"$(inherited)",
					"@executable_path/Frameworks",
					"@loader_path/Frameworks",
				);
				PRODUCT_BUNDLE_IDENTIFIER = "Mesbaul.calculator-projectUITests";
				PRODUCT_NAME = "$(TARGET_NAME)";
				SWIFT_VERSION = 5.0;
				TARGETED_DEVICE_FAMILY = "1,2";
				TEST_TARGET_NAME = calculator_project;
			};
			name = Release;
		};
/* End XCBuildConfiguration section */

/* Begin XCConfigurationList section */
		5255DA5123A4516700DAEBD6 /* Build configuration list for PBXProject "calculator_project" */ = {
			isa = XCConfigurationList;
			buildConfigurations = (
				5255DA7E23A4517400DAEBD6 /* Debug */,
				5255DA7F23A4517400DAEBD6 /* Release */,
			);
			defaultConfigurationIsVisible = 0;
			defaultConfigurationName = Release;
		};
		5255DA8023A4517400DAEBD6 /* Build configuration list for PBXNativeTarget "calculator_project" */ = {
			isa = XCConfigurationList;
			buildConfigurations = (
				5255DA8123A4517400DAEBD6 /* Debug */,
				5255DA8223A4517400DAEBD6 /* Release */,
			);
			defaultConfigurationIsVisible = 0;
			defaultConfigurationName = Release;
		};
		5255DA8323A4517400DAEBD6 /* Build configuration list for PBXNativeTarget "calculator_projectTests" */ = {
			isa = XCConfigurationList;
			buildConfigurations = (
				5255DA8423A4517400DAEBD6 /* Debug */,
				5255DA8523A4517400DAEBD6 /* Release */,
			);
			defaultConfigurationIsVisible = 0;
			defaultConfigurationName = Release;
		};
		5255DA8623A4517400DAEBD6 /* Build configuration list for PBXNativeTarget "calculator_projectUITests" */ = {
			isa = XCConfigurationList;
			buildConfigurations = (
				5255DA8723A4517400DAEBD6 /* Debug */,
				5255DA8823A4517400DAEBD6 /* Release */,
			);
			defaultConfigurationIsVisible = 0;
			defaultConfigurationName = Release;
		};
/* End XCConfigurationList section */
	};
	rootObject = 5255DA4E23A4516700DAEBD6 /* Project object */;
}
